
Microsoft Visual Studio Solution File, Format Version 12.00
# Visual Studio Version 16
VisualStudioVersion = 16.0.30907.101
MinimumVisualStudioVersion = 10.0.40219.1
Project("{9A19103F-16F7-4668-BE54-9A1E7A4F7556}") = "AndersenCoreApp", "AndersenCoreApp.csproj", "{658CECBF-60F4-4530-BA2B-A33FD6739322}"
EndProject
Project("{2150E333-8FDC-42A3-9474-1A3956D46DE8}") = "Tests", "Tests", "{38C31EB2-C944-401C-BE55-3379C5A91D5C}"
EndProject
Project("{9A19103F-16F7-4668-BE54-9A1E7A4F7556}") = "AndersenCoreApp.Tests", "..\AndersenCoreApp.Tests\AndersenCoreApp.Tests.csproj", "{FAF747A2-7583-4AA2-8FB2-8B89A4774853}"
EndProject
Global
	GlobalSection(SolutionConfigurationPlatforms) = preSolution
		Debug|Any CPU = Debug|Any CPU
		Release|Any CPU = Release|Any CPU
	EndGlobalSection
	GlobalSection(ProjectConfigurationPlatforms) = postSolution
		{658CECBF-60F4-4530-BA2B-A33FD6739322}.Debug|Any CPU.ActiveCfg = Debug|Any CPU
		{658CECBF-60F4-4530-BA2B-A33FD6739322}.Debug|Any CPU.Build.0 = Debug|Any CPU
		{658CECBF-60F4-4530-BA2B-A33FD6739322}.Release|Any CPU.ActiveCfg = Release|Any CPU
		{658CECBF-60F4-4530-BA2B-A33FD6739322}.Release|Any CPU.Build.0 = Release|Any CPU
		{FAF747A2-7583-4AA2-8FB2-8B89A4774853}.Debug|Any CPU.ActiveCfg = Debug|Any CPU
		{FAF747A2-7583-4AA2-8FB2-8B89A4774853}.Debug|Any CPU.Build.0 = Debug|Any CPU
		{FAF747A2-7583-4AA2-8FB2-8B89A4774853}.Release|Any CPU.ActiveCfg = Release|Any CPU
		{FAF747A2-7583-4AA2-8FB2-8B89A4774853}.Release|Any CPU.Build.0 = Release|Any CPU
	EndGlobalSection
	GlobalSection(SolutionProperties) = preSolution
		HideSolutionNode = FALSE
	EndGlobalSection
	GlobalSection(NestedProjects) = preSolution
		{FAF747A2-7583-4AA2-8FB2-8B89A4774853} = {38C31EB2-C944-401C-BE55-3379C5A91D5C}
	EndGlobalSection
	GlobalSection(ExtensibilityGlobals) = postSolution
		SolutionGuid = {06A3BA44-1FD1-4E4F-AF55-0BB8EB76F4CF}
	EndGlobalSection
EndGlobal
